
Microsoft Visual Studio Solution File, Format Version 12.00
Project("{FAE04EC0-301F-11D3-BF4B-00C04F79EFBC}") = "Domain", "Domain\Domain.csproj", "{91FB7058-FB9D-47A6-ADE1-B8348C1CD6A3}"
EndProject
Project("{FAE04EC0-301F-11D3-BF4B-00C04F79EFBC}") = "Application", "Application\Application.csproj", "{84AA85BF-56D6-4383-A161-E1443D111BFA}"
EndProject
Project("{FAE04EC0-301F-11D3-BF4B-00C04F79EFBC}") = "Infrastructure", "Infrastructure\Infrastructure.csproj", "{336C9D19-07C0-4520-BECE-815ECACBEFAF}"
EndProject
Project("{FAE04EC0-301F-11D3-BF4B-00C04F79EFBC}") = "API", "API\API.csproj", "{8C9B7474-FE2B-4966-B0F8-84F2D0C94CF6}"
EndProject
Global
	GlobalSection(SolutionConfigurationPlatforms) = preSolution
		Debug|Any CPU = Debug|Any CPU
		Release|Any CPU = Release|Any CPU
	EndGlobalSection
	GlobalSection(ProjectConfigurationPlatforms) = postSolution
		{91FB7058-FB9D-47A6-ADE1-B8348C1CD6A3}.Debug|Any CPU.ActiveCfg = Debug|Any CPU
		{91FB7058-FB9D-47A6-ADE1-B8348C1CD6A3}.Debug|Any CPU.Build.0 = Debug|Any CPU
		{91FB7058-FB9D-47A6-ADE1-B8348C1CD6A3}.Release|Any CPU.ActiveCfg = Release|Any CPU
		{91FB7058-FB9D-47A6-ADE1-B8348C1CD6A3}.Release|Any CPU.Build.0 = Release|Any CPU
		{84AA85BF-56D6-4383-A161-E1443D111BFA}.Debug|Any CPU.ActiveCfg = Debug|Any CPU
		{84AA85BF-56D6-4383-A161-E1443D111BFA}.Debug|Any CPU.Build.0 = Debug|Any CPU
		{84AA85BF-56D6-4383-A161-E1443D111BFA}.Release|Any CPU.ActiveCfg = Release|Any CPU
		{84AA85BF-56D6-4383-A161-E1443D111BFA}.Release|Any CPU.Build.0 = Release|Any CPU
		{336C9D19-07C0-4520-BECE-815ECACBEFAF}.Debug|Any CPU.ActiveCfg = Debug|Any CPU
		{336C9D19-07C0-4520-BECE-815ECACBEFAF}.Debug|Any CPU.Build.0 = Debug|Any CPU
		{336C9D19-07C0-4520-BECE-815ECACBEFAF}.Release|Any CPU.ActiveCfg = Release|Any CPU
		{336C9D19-07C0-4520-BECE-815ECACBEFAF}.Release|Any CPU.Build.0 = Release|Any CPU
		{8C9B7474-FE2B-4966-B0F8-84F2D0C94CF6}.Debug|Any CPU.ActiveCfg = Debug|Any CPU
		{8C9B7474-FE2B-4966-B0F8-84F2D0C94CF6}.Debug|Any CPU.Build.0 = Debug|Any CPU
		{8C9B7474-FE2B-4966-B0F8-84F2D0C94CF6}.Release|Any CPU.ActiveCfg = Release|Any CPU
		{8C9B7474-FE2B-4966-B0F8-84F2D0C94CF6}.Release|Any CPU.Build.0 = Release|Any CPU
	EndGlobalSection
EndGlobal
